{
  "name": "babylonjs-es6-module-importmesh",
  "version": "1.0.0",
  "lockfileVersion": 1,
  "requires": true,
  "dependencies": {
    "@babylonjs/core": {
      "version": "4.0.0-beta.3",
      "resolved": "http://registry.npm.taobao.org/@babylonjs/core/download/@babylonjs/core-4.0.0-beta.3.tgz",
      "integrity": "sha1-ERabg6OJCxKuUtZqO1YKJ2KBgI8=",
      "requires": {
        "tslib": "^1.9.3"
      }
    },
    "tslib": {
      "version": "1.9.3",
      "resolved": "http://registry.npm.taobao.org/tslib/download/tslib-1.9.3.tgz",
      "integrity": "sha1-1+TdeSRdhUKMTX5IIqeZF5VMooY="
    }
  }
}
